{
  "version": "2",
  "remote": {
    "https://cdn.skypack.dev/-/indexeddbshim@v9.0.0-QVaW8rBIOGlJegwkWTsK/dist=es2019,mode=imports/unoptimized/dist/indexeddbshim-noninvasive.js": "036e9191db93ef296b84a8a59192d4851f231e3b76a638543491cf81fe08b666",
    "https://cdn.skypack.dev/-/regenerator-runtime@v0.13.9-4Dxus9nU31cBsHxnWq2H/dist=es2019,mode=imports/optimized/regenerator-runtime.js": "9d5c28ca64c45a9e606d5f3b35aec61568ed451495968171c8cc3ef1923cb7fe",
    "https://cdn.skypack.dev/indexeddbshim@v9.0.0/dist/indexeddbshim-noninvasive.js": "8825b3ce26bfea3ddfb612fd95ae295c78542423511bc4042c3d2e2a89894c08",
    "https://cdn.skypack.dev/regenerator-runtime@0.13.9": "adf7d286d4d4dd28347f3b0bc62fc614a7da3c76ad15e8ea4e4b2511d9632c9e",
    "https://crux.land/api/get/2KNRVU.ts": "6a77d55844aba78d01520c5ff0b2f0af7f24cc1716a0de8b3bb6bd918c47b5ba",
    "https://deno.land/std@0.152.0/fmt/colors.ts": "6f9340b7fb8cc25a993a99e5efc56fe81bb5af284ff412129dd06df06f53c0b4",
    "https://deno.land/std@0.152.0/testing/_diff.ts": "029a00560b0d534bc0046f1bce4bd36b3b41ada3f2a3178c85686eb2ff5f1413",
    "https://deno.land/std@0.152.0/testing/_format.ts": "0d8dc79eab15b67cdc532826213bbe05bccfd276ca473a50a3fc7bbfb7260642",
    "https://deno.land/std@0.152.0/testing/asserts.ts": "093735c88f52bbead7f60a1f7a97a2ce4df3c2d5fab00a46956f20b4a5793ccd",
    "https://deno.land/x/idbx@v1.0.2/core/asyncRequest.ts": "dc64a14e98713b226858aad560e9f6a5a695b4619e9d2af2116a6f7cc718d5bf",
    "https://deno.land/x/idbx@v1.0.2/main.ts": "ffe3c5186e12d394252c55e5239d79c92523727b3a59aea3eea16bdb3d3de701",
    "https://deno.land/x/idbx@v1.0.2/ops/add.ts": "1290524610b16cbded46b875e37180130e61367b22bb57fdf7e0d66878914665",
    "https://deno.land/x/idbx@v1.0.2/ops/addBulk.ts": "fbb7ddb5b2ad3b9d13af282cc5c6e80e69573689299a29c8deea26178ce8b888",
    "https://deno.land/x/idbx@v1.0.2/ops/batch.ts": "8b966534a800ab3c3a2f864eaf2a88f541f1419d3c264d4222c45d65aafa8d9a",
    "https://deno.land/x/idbx@v1.0.2/ops/clear.ts": "19212bad9dbdebaebf9b8521a9c9a658804bbbaf2ff343f7e842c36dccc8f385",
    "https://deno.land/x/idbx@v1.0.2/ops/count.ts": "af208abecaf5143cf46d46855d0ed460dc82abd08e81d61be3b89f6070b42083",
    "https://deno.land/x/idbx@v1.0.2/ops/del.ts": "0f761096cf093e0dd9e2609a1d1bcf9f6aa4179ab29c9f025f678f30f7c6855f",
    "https://deno.land/x/idbx@v1.0.2/ops/delBulk.ts": "4d3ed96fe49f3bfeaa9b5f63cfd785cc692cf5e7c8d0b20a4c30e23272a212ef",
    "https://deno.land/x/idbx@v1.0.2/ops/get.ts": "748b06fe01c298e0ce5a2faef1a586d94f0e446063f35d95e9655dc152238d01",
    "https://deno.land/x/idbx@v1.0.2/ops/getAll.ts": "69e402971044859b7608190d5087a489b927f9f33ff4e361f394dae964c04dd1",
    "https://deno.land/x/idbx@v1.0.2/ops/getAllKeys.ts": "f18c1a0f1ad5d951e864c8137a0f615d632227acd7d2e87c676b343e20d9c415",
    "https://deno.land/x/idbx@v1.0.2/ops/getKey.ts": "90520acdc81900f0bdbd608cb968c65d3f7e19744142300e0898269b413a2828",
    "https://deno.land/x/idbx@v1.0.2/ops/open.ts": "913495f6437cf42a2c25c48a9a431808909e08b469f15ab5a7cc5440222faaab",
    "https://deno.land/x/idbx@v1.0.2/ops/put.ts": "a05cd5f02441309e9866883632a9dfd9f21c6592631c306be32d90557c7c43d6",
    "https://deno.land/x/idbx@v1.0.2/ops/putBulk.ts": "a9b20266b993ac96d1e9dd868f30df5a803cf67c0c9603fdf15ea3c631d0daac",
    "https://deno.land/x/indexeddb@v1.1.0/lib/indexeddb.ts": "6d8eeec0c4074ed2e3ed5ae3c99e3b66703f772c791279d052680fe3b334de2d",
    "https://deno.land/x/indexeddb@v1.1.0/lib/indexeddb_global.ts": "88269f2c9c97dbcb5641706bb17d14500eddb209da0fc8822ee4bbb5e57359f8",
    "https://deno.land/x/indexeddb@v1.1.0/lib/shim.ts": "1cc9b0961a2ddb9836643e1fc661cf44eb55a777cd7625cba4256d259920d51b",
    "https://deno.land/x/indexeddb@v1.1.0/polyfill_memory.ts": "83911d846564fe689356bd08054ccb994405b82d3167807f2129a7bb558f0498",
    "https://deno.land/x/mock_fetch@0.3.0/mod.ts": "7e7806c65ab17b2b684c334c4e565812bdaf504a3e9c938d2bb52bb67428bc89",
    "https://deno.land/x/sqlite@v3.2.1/build/sqlite.d.ts": "e83278ce9e8b3279c793f0cac2ab4e4da3b2ed024ded646c0c06e9c2f8e57b71",
    "https://deno.land/x/sqlite@v3.2.1/build/sqlite.js": "087db9bdacd1e5bb8b538ba328e5105571cc6d716deb9923e2eb5c8af763991a",
    "https://deno.land/x/sqlite@v3.2.1/build/vfs.js": "baff72655c0916c906327fe6703c6a47daa1346e55c2eaa2629bcd879a673c8d",
    "https://deno.land/x/sqlite@v3.2.1/mod.ts": "eb55ff3e103826ee735fa1a8ec2db6e96c8fec826faf198239c66a0fe635c4b6",
    "https://deno.land/x/sqlite@v3.2.1/src/constants.ts": "b967237b460fafa03ca03aeddb33953bed41c7cbdc309a934e2329a5c84079ac",
    "https://deno.land/x/sqlite@v3.2.1/src/db.ts": "f778a82f638c2e33c832c8d0e60144d11d0118d40f6ffb397cfa059c2b8e0c36",
    "https://deno.land/x/sqlite@v3.2.1/src/error.ts": "abf9df169951faf8c21a68d99ef9efd257c788c19784f27dd147507fbdfe5fe7",
    "https://deno.land/x/sqlite@v3.2.1/src/query.ts": "df4d3d6b23d52b36243dd47c07ed6ed7cd23f7834a0f6a2f2c6dbffba63d4c28",
    "https://deno.land/x/sqlite@v3.2.1/src/wasm.ts": "e79d0baa6e42423257fb3c7cc98091c54399254867e0f34a09b5bdef37bd9487",
    "https://deno.land/x/websql@v1.1.0/deps.ts": "f41d5d5dd7ebe4762b9536e75854fa03d4af9064ea921f4c6c4ca0ffad111a06",
    "https://deno.land/x/websql@v1.1.0/mod.ts": "c0b9f657ac9d148a7e47bb60b8bb9c62cc8f0b42646bb33d023b91deb5a8dd20",
    "https://deno.land/x/websql@v1.1.0/src/Database.ts": "8134b0d4c7409f333f7111e03b42f2b90146c033e0599aa6732ca6221af01e62",
    "https://deno.land/x/websql@v1.1.0/src/SQLResultSet.ts": "fa0729dc94735771f2c1389d4a4e89b370b358b731452067ea4792010e213655",
    "https://deno.land/x/websql@v1.1.0/src/SQLResultSetRowList.ts": "0d78f210e73217b9abcbba6fa6101751993e363975b117d06ddd7c18297241f3",
    "https://deno.land/x/websql@v1.1.0/src/SQLTransaction.ts": "dae5f017242b626041d470578df300fbb58d7bf3f18082d6050b9fef20c54607",
    "https://deno.land/x/websql@v1.1.0/src/SQLiteDBCache.ts": "919add0ea961f8bb50c8158f8674b08c3a14b247eab77a0908bc53ab5abee818",
    "https://unpkg.com/tiny-request-router@1.2.2/dist/router.browser.mjs": "98f66c9cb909bda0af79e26628c56ef8aaa4b4c98133bde58e84a32cac0cdd40"
  }
}
